
Microsoft Visual Studio Solution File, Format Version 12.00
# Visual Studio Version 16
VisualStudioVersion = 16.0.30611.23
MinimumVisualStudioVersion = 10.0.40219.1
Project("{FAE04EC0-301F-11D3-BF4B-00C04F79EFBC}") = "RailworksDownoader", "RailworksDownoader\RailworksDownoader.csproj", "{98F41F75-FB1A-4053-B6F1-2166D31E080A}"
EndProject
Global
	GlobalSection(SolutionConfigurationPlatforms) = preSolution
		Debug|Any CPU = Debug|Any CPU
		Release|Any CPU = Release|Any CPU
	EndGlobalSection
	GlobalSection(ProjectConfigurationPlatforms) = postSolution
		{98F41F75-FB1A-4053-B6F1-2166D31E080A}.Debug|Any CPU.ActiveCfg = Debug|Any CPU
		{98F41F75-FB1A-4053-B6F1-2166D31E080A}.Debug|Any CPU.Build.0 = Debug|Any CPU
		{98F41F75-FB1A-4053-B6F1-2166D31E080A}.Release|Any CPU.ActiveCfg = Release|Any CPU
		{98F41F75-FB1A-4053-B6F1-2166D31E080A}.Release|Any CPU.Build.0 = Release|Any CPU
	EndGlobalSection
	GlobalSection(SolutionProperties) = preSolution
		HideSolutionNode = FALSE
	EndGlobalSection
	GlobalSection(ExtensibilityGlobals) = postSolution
		SolutionGuid = {86522228-D59D-471F-BD25-4D6BAD9A4522}
	EndGlobalSection
EndGlobal
